{
  "object": {
    "pins": [
      {
        "package": "CSV.swift",
        "repositoryURL": "https://github.com/yaslab/CSV.swift.git",
        "state": {
          "branch": null,
          "revision": "81d2874c51db364d7e1d71b0d99018a294c87ac1",
          "version": "2.4.3"
        }
      },
      {
        "package": "Penguin",
        "repositoryURL": "https://github.com/saeta/penguin.git",
        "state": {
          "branch": "upcast-preserve-dispatcher",
          "revision": "9fe09d8e42cb1fb7d9f55dd464c1554823d5d468",
          "version": null
        }
      },
      {
        "package": "Plotly",
        "repositoryURL": "https://github.com/vojtamolda/Plotly.swift",
        "state": {
          "branch": null,
          "revision": "6e80119ba37b913e5460459556e2bf58f02eba67",
          "version": "0.4.0"
        }
      },
      {
        "package": "swift-argument-parser",
        "repositoryURL": "https://github.com/apple/swift-argument-parser.git",
        "state": {
          "branch": null,
          "revision": "9564d61b08a5335ae0a36f789a7d71493eacadfc",
          "version": "0.3.2"
        }
      },
      {
        "package": "Benchmark",
        "repositoryURL": "https://github.com/google/swift-benchmark.git",
        "state": {
          "branch": null,
          "revision": "8e0ef8bb7482ab97dcd2cd1d6855bd38921c345d",
          "version": "0.1.0"
        }
      },
      {
        "package": "swift-tools-support-core",
        "repositoryURL": "https://github.com/apple/swift-tools-support-core.git",
        "state": {
          "branch": "swift-5.2-branch",
          "revision": "7ecf17a83eab20cbd700d7e45d66c03409bc72d0",
          "version": null
        }
      },
      {
        "package": "TensorBoardX",
        "repositoryURL": "https://github.com/ProfFan/tensorboardx-s4tf.git",
        "state": {
          "branch": null,
          "revision": "02838220694f4236ba84a83856581b76ee9cf1bc",
          "version": "0.1.3"
        }
      }
    ]
  },
  "version": 1
}
