{
  "object": {
    "pins": [
      {
        "package": "KrakenKit",
        "repositoryURL": "https://github.com/ProfFan/KrakenKit.git",
        "state": {
          "branch": "master",
          "revision": "c027033081b2500f4cc0e3267071aa82b054a066",
          "version": null
        }
      },
      {
        "package": "LibPNG",
        "repositoryURL": "https://github.com/KrakenCL/LibPNG.git",
        "state": {
          "branch": null,
          "revision": "9941abff1c1683f0da3358a12f614bd7ce3b5780",
          "version": "0.0.3"
        }
      },
      {
        "package": "Penguin",
        "repositoryURL": "https://github.com/saeta/penguin.git",
        "state": {
          "branch": "master",
          "revision": "3eeeaed55c23247f6322cb1c3da5125acf826ca9",
          "version": null
        }
      },
      {
        "package": "swift-argument-parser",
        "repositoryURL": "https://github.com/apple/swift-argument-parser",
        "state": {
          "branch": null,
          "revision": "3d79b2b5a2e5af52c14e462044702ea7728f5770",
          "version": "0.1.0"
        }
      },
      {
        "package": "Benchmark",
        "repositoryURL": "https://github.com/google/swift-benchmark.git",
        "state": {
          "branch": "master",
          "revision": "29d059d2fecf8abc4dcbe70a85f2716dbbe4ab1d",
          "version": null
        }
      },
      {
        "package": "SwiftProtobuf",
        "repositoryURL": "https://github.com/apple/swift-protobuf.git",
        "state": {
          "branch": null,
          "revision": "7f36441e3372665b1b414f8ac93b5905cc42a405",
          "version": "1.9.0"
        }
      }
    ]
  },
  "version": 1
}
