{
  "object": {
    "pins": [
      {
        "package": "Penguin",
        "repositoryURL": "https://github.com/saeta/penguin.git",
        "state": {
          "branch": "master",
          "revision": "1586b9b88628fb772e7b1d6e79185dcf5e3d2c6d",
          "version": null
        }
      },
      {
        "package": "swift-argument-parser",
        "repositoryURL": "https://github.com/apple/swift-argument-parser",
        "state": {
          "branch": null,
          "revision": "3d79b2b5a2e5af52c14e462044702ea7728f5770",
          "version": "0.1.0"
        }
      },
      {
        "package": "Benchmark",
        "repositoryURL": "https://github.com/google/swift-benchmark.git",
        "state": {
          "branch": "master",
          "revision": "66262f4f85cc2cd319f4aaae33368a14ea1c1dd9",
          "version": null
        }
      },
      {
        "package": "TensorBoardX",
        "repositoryURL": "https://github.com/ProfFan/tensorboardx-s4tf.git",
        "state": {
          "branch": "master",
          "revision": "aba044f3e0a4998d5fe6f99aa9d12d9a52e60ccd",
          "version": null
        }
      }
    ]
  },
  "version": 1
}
